
Microsoft Visual Studio Solution File, Format Version 12.00
# Visual Studio Version 16
VisualStudioVersion = 16.0.30114.105
MinimumVisualStudioVersion = 10.0.40219.1
Project("{2150E333-8FDC-42A3-9474-1A3956D46DE8}") = "src", "src", "{3221CC89-F5F1-463D-930D-C8AEC9B8E97A}"
EndProject
Project("{FAE04EC0-301F-11D3-BF4B-00C04F79EFBC}") = "Core", "src\Core\Core.csproj", "{10968069-939E-48DB-812B-61441B6FE9F0}"
EndProject
Project("{FAE04EC0-301F-11D3-BF4B-00C04F79EFBC}") = "Application", "src\Application\Application.csproj", "{C2095F2C-9238-4FB2-BD98-8529C1EB7019}"
EndProject
Project("{FAE04EC0-301F-11D3-BF4B-00C04F79EFBC}") = "Infrastructure", "src\Infrastructure\Infrastructure.csproj", "{785F9C79-ECCE-41A2-BC3C-EE2812341ACB}"
EndProject
Global
	GlobalSection(SolutionConfigurationPlatforms) = preSolution
		Debug|Any CPU = Debug|Any CPU
		Release|Any CPU = Release|Any CPU
	EndGlobalSection
	GlobalSection(SolutionProperties) = preSolution
		HideSolutionNode = FALSE
	EndGlobalSection
	GlobalSection(ProjectConfigurationPlatforms) = postSolution
		{10968069-939E-48DB-812B-61441B6FE9F0}.Debug|Any CPU.ActiveCfg = Debug|Any CPU
		{10968069-939E-48DB-812B-61441B6FE9F0}.Debug|Any CPU.Build.0 = Debug|Any CPU
		{10968069-939E-48DB-812B-61441B6FE9F0}.Release|Any CPU.ActiveCfg = Release|Any CPU
		{10968069-939E-48DB-812B-61441B6FE9F0}.Release|Any CPU.Build.0 = Release|Any CPU
		{C2095F2C-9238-4FB2-BD98-8529C1EB7019}.Debug|Any CPU.ActiveCfg = Debug|Any CPU
		{C2095F2C-9238-4FB2-BD98-8529C1EB7019}.Debug|Any CPU.Build.0 = Debug|Any CPU
		{C2095F2C-9238-4FB2-BD98-8529C1EB7019}.Release|Any CPU.ActiveCfg = Release|Any CPU
		{C2095F2C-9238-4FB2-BD98-8529C1EB7019}.Release|Any CPU.Build.0 = Release|Any CPU
		{785F9C79-ECCE-41A2-BC3C-EE2812341ACB}.Debug|Any CPU.ActiveCfg = Debug|Any CPU
		{785F9C79-ECCE-41A2-BC3C-EE2812341ACB}.Debug|Any CPU.Build.0 = Debug|Any CPU
		{785F9C79-ECCE-41A2-BC3C-EE2812341ACB}.Release|Any CPU.ActiveCfg = Release|Any CPU
		{785F9C79-ECCE-41A2-BC3C-EE2812341ACB}.Release|Any CPU.Build.0 = Release|Any CPU
	EndGlobalSection
	GlobalSection(NestedProjects) = preSolution
		{10968069-939E-48DB-812B-61441B6FE9F0} = {3221CC89-F5F1-463D-930D-C8AEC9B8E97A}
		{C2095F2C-9238-4FB2-BD98-8529C1EB7019} = {3221CC89-F5F1-463D-930D-C8AEC9B8E97A}
		{785F9C79-ECCE-41A2-BC3C-EE2812341ACB} = {3221CC89-F5F1-463D-930D-C8AEC9B8E97A}
	EndGlobalSection
EndGlobal
